
Microsoft Visual Studio Solution File, Format Version 12.00
# Visual Studio Version 17
VisualStudioVersion = 17.7.34221.43
MinimumVisualStudioVersion = 10.0.40219.1
Project("{9A19103F-16F7-4668-BE54-9A1E7A4F7556}") = "HexTaleLauncherLibrary", "HexTaleLauncherLibrary.csproj", "{9B10A8B1-FC70-4DFD-AFA4-498E230FDE5A}"
EndProject
Project("{FAE04EC0-301F-11D3-BF4B-00C04F79EFBC}") = "HexTaleLauncherLibTest", "..\HexTaleLauncherLibTest\HexTaleLauncherLibTest.csproj", "{E64C5265-A368-4C5B-A574-187C36B52DB2}"
EndProject
Global
	GlobalSection(SolutionConfigurationPlatforms) = preSolution
		Debug|Any CPU = Debug|Any CPU
		Release|Any CPU = Release|Any CPU
	EndGlobalSection
	GlobalSection(ProjectConfigurationPlatforms) = postSolution
		{9B10A8B1-FC70-4DFD-AFA4-498E230FDE5A}.Debug|Any CPU.ActiveCfg = Debug|Any CPU
		{9B10A8B1-FC70-4DFD-AFA4-498E230FDE5A}.Debug|Any CPU.Build.0 = Debug|Any CPU
		{9B10A8B1-FC70-4DFD-AFA4-498E230FDE5A}.Release|Any CPU.ActiveCfg = Release|Any CPU
		{9B10A8B1-FC70-4DFD-AFA4-498E230FDE5A}.Release|Any CPU.Build.0 = Release|Any CPU
		{E64C5265-A368-4C5B-A574-187C36B52DB2}.Debug|Any CPU.ActiveCfg = Debug|Any CPU
		{E64C5265-A368-4C5B-A574-187C36B52DB2}.Debug|Any CPU.Build.0 = Debug|Any CPU
		{E64C5265-A368-4C5B-A574-187C36B52DB2}.Release|Any CPU.ActiveCfg = Release|Any CPU
		{E64C5265-A368-4C5B-A574-187C36B52DB2}.Release|Any CPU.Build.0 = Release|Any CPU
	EndGlobalSection
	GlobalSection(SolutionProperties) = preSolution
		HideSolutionNode = FALSE
	EndGlobalSection
	GlobalSection(ExtensibilityGlobals) = postSolution
		SolutionGuid = {F346E49E-79C4-4E0F-8C4B-F42142DBF600}
	EndGlobalSection
EndGlobal
